
Microsoft Visual Studio Solution File, Format Version 12.00
# Visual Studio Version 16
VisualStudioVersion = 16.0.29326.143
MinimumVisualStudioVersion = 10.0.40219.1
Project("{FAE04EC0-301F-11D3-BF4B-00C04F79EFBC}") = "Open-Lab-02.4", "Open-Lab-02.4\Open-Lab-02.4.csproj", "{764BFF28-75A3-472F-9610-10051809074C}"
EndProject
Global
	GlobalSection(SolutionConfigurationPlatforms) = preSolution
		Debug|Any CPU = Debug|Any CPU
		Release|Any CPU = Release|Any CPU
	EndGlobalSection
	GlobalSection(ProjectConfigurationPlatforms) = postSolution
		{764BFF28-75A3-472F-9610-10051809074C}.Debug|Any CPU.ActiveCfg = Debug|Any CPU
		{764BFF28-75A3-472F-9610-10051809074C}.Debug|Any CPU.Build.0 = Debug|Any CPU
		{764BFF28-75A3-472F-9610-10051809074C}.Release|Any CPU.ActiveCfg = Release|Any CPU
		{764BFF28-75A3-472F-9610-10051809074C}.Release|Any CPU.Build.0 = Release|Any CPU
	EndGlobalSection
	GlobalSection(SolutionProperties) = preSolution
		HideSolutionNode = FALSE
	EndGlobalSection
	GlobalSection(ExtensibilityGlobals) = postSolution
		SolutionGuid = {95314D1F-DD99-4F48-9447-4EF05EAAB6AF}
	EndGlobalSection
EndGlobal
